{
  "name": "archiple_WEB",
  "lockfileVersion": 3,
  "requires": true,
  "packages": {
    "": {
      "devDependencies": {
        "next-compose-plugins": "^2.2.1"
      }
    },
    "node_modules/next-compose-plugins": {
      "version": "2.2.1",
      "resolved": "https://registry.npmjs.org/next-compose-plugins/-/next-compose-plugins-2.2.1.tgz",
      "integrity": "sha512-OjJ+fV15FXO2uQXQagLD4C0abYErBjyjE0I0FHpOEIB8upw0hg1ldFP6cqHTJBH1cZqy96OeR3u1dJ+Ez2D4Bg==",
      "dev": true
    }
  }
}
